
Microsoft Visual Studio Solution File, Format Version 12.00
# Visual Studio Version 17
VisualStudioVersion = 17.14.36310.24 d17.14
MinimumVisualStudioVersion = 10.0.40219.1
Project("{FAE04EC0-301F-11D3-BF4B-00C04F79EFBC}") = "library-one", "library-one\library-one.csproj", "{4D338F5E-4493-4B9D-A65D-A58510C82C79}"
EndProject
Project("{FAE04EC0-301F-11D3-BF4B-00C04F79EFBC}") = "library-two", "library-two\library-two.csproj", "{255EF497-D75D-47A8-89FB-4AD44A5B7D0F}"
EndProject
Global
	GlobalSection(SolutionConfigurationPlatforms) = preSolution
		Debug|Any CPU = Debug|Any CPU
		Release|Any CPU = Release|Any CPU
	EndGlobalSection
	GlobalSection(ProjectConfigurationPlatforms) = postSolution
		{4D338F5E-4493-4B9D-A65D-A58510C82C79}.Debug|Any CPU.ActiveCfg = Debug|Any CPU
		{4D338F5E-4493-4B9D-A65D-A58510C82C79}.Debug|Any CPU.Build.0 = Debug|Any CPU
		{4D338F5E-4493-4B9D-A65D-A58510C82C79}.Release|Any CPU.ActiveCfg = Release|Any CPU
		{4D338F5E-4493-4B9D-A65D-A58510C82C79}.Release|Any CPU.Build.0 = Release|Any CPU
		{255EF497-D75D-47A8-89FB-4AD44A5B7D0F}.Debug|Any CPU.ActiveCfg = Debug|Any CPU
		{255EF497-D75D-47A8-89FB-4AD44A5B7D0F}.Debug|Any CPU.Build.0 = Debug|Any CPU
		{255EF497-D75D-47A8-89FB-4AD44A5B7D0F}.Release|Any CPU.ActiveCfg = Release|Any CPU
		{255EF497-D75D-47A8-89FB-4AD44A5B7D0F}.Release|Any CPU.Build.0 = Release|Any CPU
	EndGlobalSection
	GlobalSection(SolutionProperties) = preSolution
		HideSolutionNode = FALSE
	EndGlobalSection
	GlobalSection(ExtensibilityGlobals) = postSolution
		SolutionGuid = {5E069B7A-3FAC-4214-9077-2D0B91BD0554}
	EndGlobalSection
EndGlobal
